// !$*UTF8*$!
{
	archiveVersion = 1;
	classes = {
	};
	objectVersion = 46;
	objects = {

/* Begin PBXBuildFile section */
		727AC3161DA005D3008FA47B /* AppDelegate.swift in Sources */ = {isa = PBXBuildFile; fileRef = 727AC3151DA005D3008FA47B /* AppDelegate.swift */; };
		727AC31A1DA005D3008FA47B /* Actions.sks in Resources */ = {isa = PBXBuildFile; fileRef = 727AC3191DA005D3008FA47B /* Actions.sks */; };
		727AC31C1DA005D3008FA47B /* GameScene.swift in Sources */ = {isa = PBXBuildFile; fileRef = 727AC31B1DA005D3008FA47B /* GameScene.swift */; };
		727AC31E1DA005D3008FA47B /* GameViewController.swift in Sources */ = {isa = PBXBuildFile; fileRef = 727AC31D1DA005D3008FA47B /* GameViewController.swift */; };
		727AC3211DA005D3008FA47B /* Main.storyboard in Resources */ = {isa = PBXBuildFile; fileRef = 727AC31F1DA005D3008FA47B /* Main.storyboard */; };
		727AC3231DA005D4008FA47B /* Assets.xcassets in Resources */ = {isa = PBXBuildFile; fileRef = 727AC3221DA005D4008FA47B /* Assets.xcassets */; };
		727AC3261DA005D4008FA47B /* LaunchScreen.storyboard in Resources */ = {isa = PBXBuildFile; fileRef = 727AC3241DA005D4008FA47B /* LaunchScreen.storyboard */; };
		72B344F61DA02B37009434D9 /* GameUtils.swift in Sources */ = {isa = PBXBuildFile; fileRef = 72B344F51DA02B37009434D9 /* GameUtils.swift */; };
/* End PBXBuildFile section */

/* Begin PBXFileReference section */
		727AC3121DA005D3008FA47B /* ZombieConga.app */ = {isa = PBXFileReference; explicitFileType = wrapper.application; includeInIndex = 0; path = ZombieConga.app; sourceTree = BUILT_PRODUCTS_DIR; };
		727AC3151DA005D3008FA47B /* AppDelegate.swift */ = {isa = PBXFileReference; lastKnownFileType = sourcecode.swift; path = AppDelegate.swift; sourceTree = "<group>"; };
		727AC3191DA005D3008FA47B /* Actions.sks */ = {isa = PBXFileReference; lastKnownFileType = file.sks; path = Actions.sks; sourceTree = "<group>"; };
		727AC31B1DA005D3008FA47B /* GameScene.swift */ = {isa = PBXFileReference; lastKnownFileType = sourcecode.swift; path = GameScene.swift; sourceTree = "<group>"; };
		727AC31D1DA005D3008FA47B /* GameViewController.swift */ = {isa = PBXFileReference; lastKnownFileType = sourcecode.swift; path = GameViewController.swift; sourceTree = "<group>"; };
		727AC3201DA005D3008FA47B /* Base */ = {isa = PBXFileReference; lastKnownFileType = file.storyboard; name = Base; path = Base.lproj/Main.storyboard; sourceTree = "<group>"; };
		727AC3221DA005D4008FA47B /* Assets.xcassets */ = {isa = PBXFileReference; lastKnownFileType = folder.assetcatalog; path = Assets.xcassets; sourceTree = "<group>"; };
		727AC3251DA005D4008FA47B /* Base */ = {isa = PBXFileReference; lastKnownFileType = file.storyboard; name = Base; path = Base.lproj/LaunchScreen.storyboard; sourceTree = "<group>"; };
		727AC3271DA005D4008FA47B /* Info.plist */ = {isa = PBXFileReference; lastKnownFileType = text.plist.xml; path = Info.plist; sourceTree = "<group>"; };
		72B344F51DA02B37009434D9 /* GameUtils.swift */ = {isa = PBXFileReference; fileEncoding = 4; lastKnownFileType = sourcecode.swift; path = GameUtils.swift; sourceTree = "<group>"; };
/* End PBXFileReference section */

/* Begin PBXFrameworksBuildPhase section */
		727AC30F1DA005D3008FA47B /* Frameworks */ = {
			isa = PBXFrameworksBuildPhase;
			buildActionMask = 2147483647;
			files = (
			);
			runOnlyForDeploymentPostprocessing = 0;
		};
/* End PBXFrameworksBuildPhase section */

/* Begin PBXGroup section */
		727AC3091DA005D3008FA47B = {
			isa = PBXGroup;
			children = (
				727AC3141DA005D3008FA47B /* ZombieConga */,
				727AC3131DA005D3008FA47B /* Products */,
			);
			sourceTree = "<group>";
		};
		727AC3131DA005D3008FA47B /* Products */ = {
			isa = PBXGroup;
			children = (
				727AC3121DA005D3008FA47B /* ZombieConga.app */,
			);
			name = Products;
			sourceTree = "<group>";
		};
		727AC3141DA005D3008FA47B /* ZombieConga */ = {
			isa = PBXGroup;
			children = (
				727AC3151DA005D3008FA47B /* AppDelegate.swift */,
				727AC3191DA005D3008FA47B /* Actions.sks */,
				727AC31B1DA005D3008FA47B /* GameScene.swift */,
				727AC31D1DA005D3008FA47B /* GameViewController.swift */,
				727AC31F1DA005D3008FA47B /* Main.storyboard */,
				727AC3221DA005D4008FA47B /* Assets.xcassets */,
				727AC3241DA005D4008FA47B /* LaunchScreen.storyboard */,
				727AC3271DA005D4008FA47B /* Info.plist */,
				72B344F51DA02B37009434D9 /* GameUtils.swift */,
			);
			path = ZombieConga;
			sourceTree = "<group>";
		};
/* End PBXGroup section */

/* Begin PBXNativeTarget section */
		727AC3111DA005D3008FA47B /* ZombieConga */ = {
			isa = PBXNativeTarget;
			buildConfigurationList = 727AC32A1DA005D4008FA47B /* Build configuration list for PBXNativeTarget "ZombieConga" */;
			buildPhases = (
				727AC30E1DA005D3008FA47B /* Sources */,
				727AC30F1DA005D3008FA47B /* Frameworks */,
				727AC3101DA005D3008FA47B /* Resources */,
			);
			buildRules = (
			);
			dependencies = (
			);
			name = ZombieConga;
			productName = ZombieConga;
			productReference = 727AC3121DA005D3008FA47B /* ZombieConga.app */;
			productType = "com.apple.product-type.application";
		};
/* End PBXNativeTarget section */

/* Begin PBXProject section */
		727AC30A1DA005D3008FA47B /* Project object */ = {
			isa = PBXProject;
			attributes = {
				LastSwiftUpdateCheck = 0800;
				LastUpgradeCheck = 0800;
				ORGANIZATIONNAME = kkwFwk;
				TargetAttributes = {
					727AC3111DA005D3008FA47B = {
						CreatedOnToolsVersion = 8.0;
						DevelopmentTeam = 9BC5B73252;
						ProvisioningStyle = Automatic;
					};
				};
			};
			buildConfigurationList = 727AC30D1DA005D3008FA47B /* Build configuration list for PBXProject "ZombieConga" */;
			compatibilityVersion = "Xcode 3.2";
			developmentRegion = English;
			hasScannedForEncodings = 0;
			knownRegions = (
				en,
				Base,
			);
			mainGroup = 727AC3091DA005D3008FA47B;
			productRefGroup = 727AC3131DA005D3008FA47B /* Products */;
			projectDirPath = "";
			projectRoot = "";
			targets = (
				727AC3111DA005D3008FA47B /* ZombieConga */,
			);
		};
/* End PBXProject section */

/* Begin PBXResourcesBuildPhase section */
		727AC3101DA005D3008FA47B /* Resources */ = {
			isa = PBXResourcesBuildPhase;
			buildActionMask = 2147483647;
			files = (
				727AC3211DA005D3008FA47B /* Main.storyboard in Resources */,
				727AC3231DA005D4008FA47B /* Assets.xcassets in Resources */,
				727AC3261DA005D4008FA47B /* LaunchScreen.storyboard in Resources */,
				727AC31A1DA005D3008FA47B /* Actions.sks in Resources */,
			);
			runOnlyForDeploymentPostprocessing = 0;
		};
/* End PBXResourcesBuildPhase section */

/* Begin PBXSourcesBuildPhase section */
		727AC30E1DA005D3008FA47B /* Sources */ = {
			isa = PBXSourcesBuildPhase;
			buildActionMask = 2147483647;
			files = (
				727AC31C1DA005D3008FA47B /* GameScene.swift in Sources */,
				72B344F61DA02B37009434D9 /* GameUtils.swift in Sources */,
				727AC31E1DA005D3008FA47B /* GameViewController.swift in Sources */,
				727AC3161DA005D3008FA47B /* AppDelegate.swift in Sources */,
			);
			runOnlyForDeploymentPostprocessing = 0;
		};
/* End PBXSourcesBuildPhase section */

/* Begin PBXVariantGroup section */
		727AC31F1DA005D3008FA47B /* Main.storyboard */ = {
			isa = PBXVariantGroup;
			children = (
				727AC3201DA005D3008FA47B /* Base */,
			);
			name = Main.storyboard;
			sourceTree = "<group>";
		};
		727AC3241DA005D4008FA47B /* LaunchScreen.storyboard */ = {
			isa = PBXVariantGroup;
			children = (
				727AC3251DA005D4008FA47B /* Base */,
			);
			name = LaunchScreen.storyboard;
			sourceTree = "<group>";
		};
/* End PBXVariantGroup section */

/* Begin XCBuildConfiguration section */
		727AC3281DA005D4008FA47B /* Debug */ = {
			isa = XCBuildConfiguration;
			buildSettings = {
				ALWAYS_SEARCH_USER_PATHS = NO;
				CLANG_ANALYZER_NONNULL = YES;
				CLANG_CXX_LANGUAGE_STANDARD = "gnu++0x";
				CLANG_CXX_LIBRARY = "libc++";
				CLANG_ENABLE_MODULES = YES;
				CLANG_ENABLE_OBJC_ARC = YES;
				CLANG_WARN_BOOL_CONVERSION = YES;
				CLANG_WARN_CONSTANT_CONVERSION = YES;
				CLANG_WARN_DIRECT_OBJC_ISA_USAGE = YES_ERROR;
				CLANG_WARN_DOCUMENTATION_COMMENTS = YES;
				CLANG_WARN_EMPTY_BODY = YES;
				CLANG_WARN_ENUM_CONVERSION = YES;
				CLANG_WARN_INFINITE_RECURSION = YES;
				CLANG_WARN_INT_CONVERSION = YES;
				CLANG_WARN_OBJC_ROOT_CLASS = YES_ERROR;
				CLANG_WARN_SUSPICIOUS_MOVES = YES;
				CLANG_WARN_UNREACHABLE_CODE = YES;
				CLANG_WARN__DUPLICATE_METHOD_MATCH = YES;
				"CODE_SIGN_IDENTITY[sdk=iphoneos*]" = "iPhone Developer";
				COPY_PHASE_STRIP = NO;
				DEBUG_INFORMATION_FORMAT = dwarf;
				ENABLE_STRICT_OBJC_MSGSEND = YES;
				ENABLE_TESTABILITY = YES;
				GCC_C_LANGUAGE_STANDARD = gnu99;
				GCC_DYNAMIC_NO_PIC = NO;
				GCC_NO_COMMON_BLOCKS = YES;
				GCC_OPTIMIZATION_LEVEL = 0;
				GCC_PREPROCESSOR_DEFINITIONS = (
					"DEBUG=1",
					"$(inherited)",
				);
				GCC_WARN_64_TO_32_BIT_CONVERSION = YES;
				GCC_WARN_ABOUT_RETURN_TYPE = YES_ERROR;
				GCC_WARN_UNDECLARED_SELECTOR = YES;
				GCC_WARN_UNINITIALIZED_AUTOS = YES_AGGRESSIVE;
				GCC_WARN_UNUSED_FUNCTION = YES;
				GCC_WARN_UNUSED_VARIABLE = YES;
				IPHONEOS_DEPLOYMENT_TARGET = 10.0;
				MTL_ENABLE_DEBUG_INFO = YES;
				ONLY_ACTIVE_ARCH = YES;
				SDKROOT = iphoneos;
				SWIFT_ACTIVE_COMPILATION_CONDITIONS = DEBUG;
				SWIFT_OPTIMIZATION_LEVEL = "-Onone";
				TARGETED_DEVICE_FAMILY = "1,2";
			};
			name = Debug;
		};
		727AC3291DA005D4008FA47B /* Release */ = {
			isa = XCBuildConfiguration;
			buildSettings = {
				ALWAYS_SEARCH_USER_PATHS = NO;
				CLANG_ANALYZER_NONNULL = YES;
				CLANG_CXX_LANGUAGE_STANDARD = "gnu++0x";
				CLANG_CXX_LIBRARY = "libc++";
				CLANG_ENABLE_MODULES = YES;
				CLANG_ENABLE_OBJC_ARC = YES;
				CLANG_WARN_BOOL_CONVERSION = YES;
				CLANG_WARN_CONSTANT_CONVERSION = YES;
				CLANG_WARN_DIRECT_OBJC_ISA_USAGE = YES_ERROR;
				CLANG_WARN_DOCUMENTATION_COMMENTS = YES;
				CLANG_WARN_EMPTY_BODY = YES;
				CLANG_WARN_ENUM_CONVERSION = YES;
				CLANG_WARN_INFINITE_RECURSION = YES;
				CLANG_WARN_INT_CONVERSION = YES;
				CLANG_WARN_OBJC_ROOT_CLASS = YES_ERROR;
				CLANG_WARN_SUSPICIOUS_MOVES = YES;
				CLANG_WARN_UNREACHABLE_CODE = YES;
				CLANG_WARN__DUPLICATE_METHOD_MATCH = YES;
				"CODE_SIGN_IDENTITY[sdk=iphoneos*]" = "iPhone Developer";
				COPY_PHASE_STRIP = NO;
				DEBUG_INFORMATION_FORMAT = "dwarf-with-dsym";
				ENABLE_NS_ASSERTIONS = NO;
				ENABLE_STRICT_OBJC_MSGSEND = YES;
				GCC_C_LANGUAGE_STANDARD = gnu99;
				GCC_NO_COMMON_BLOCKS = YES;
				GCC_WARN_64_TO_32_BIT_CONVERSION = YES;
				GCC_WARN_ABOUT_RETURN_TYPE = YES_ERROR;
				GCC_WARN_UNDECLARED_SELECTOR = YES;
				GCC_WARN_UNINITIALIZED_AUTOS = YES_AGGRESSIVE;
				GCC_WARN_UNUSED_FUNCTION = YES;
				GCC_WARN_UNUSED_VARIABLE = YES;
				IPHONEOS_DEPLOYMENT_TARGET = 10.0;
				MTL_ENABLE_DEBUG_INFO = NO;
				SDKROOT = iphoneos;
				SWIFT_OPTIMIZATION_LEVEL = "-Owholemodule";
				TARGETED_DEVICE_FAMILY = "1,2";
				VALIDATE_PRODUCT = YES;
			};
			name = Release;
		};
		727AC32B1DA005D4008FA47B /* Debug */ = {
			isa = XCBuildConfiguration;
			buildSettings = {
				ASSETCATALOG_COMPILER_APPICON_NAME = AppIcon;
				DEVELOPMENT_TEAM = 9BC5B73252;
				INFOPLIST_FILE = ZombieConga/Info.plist;
				LD_RUNPATH_SEARCH_PATHS = "$(inherited) @executable_path/Frameworks";
				PRODUCT_BUNDLE_IDENTIFIER = leo.ZombieConga;
				PRODUCT_NAME = "$(TARGET_NAME)";
				SWIFT_VERSION = 3.0;
			};
			name = Debug;
		};
		727AC32C1DA005D4008FA47B /* Release */ = {
			isa = XCBuildConfiguration;
			buildSettings = {
				ASSETCATALOG_COMPILER_APPICON_NAME = AppIcon;
				DEVELOPMENT_TEAM = 9BC5B73252;
				INFOPLIST_FILE = ZombieConga/Info.plist;
				LD_RUNPATH_SEARCH_PATHS = "$(inherited) @executable_path/Frameworks";
				PRODUCT_BUNDLE_IDENTIFIER = leo.ZombieConga;
				PRODUCT_NAME = "$(TARGET_NAME)";
				SWIFT_VERSION = 3.0;
			};
			name = Release;
		};
/* End XCBuildConfiguration section */

/* Begin XCConfigurationList section */
		727AC30D1DA005D3008FA47B /* Build configuration list for PBXProject "ZombieConga" */ = {
			isa = XCConfigurationList;
			buildConfigurations = (
				727AC3281DA005D4008FA47B /* Debug */,
				727AC3291DA005D4008FA47B /* Release */,
			);
			defaultConfigurationIsVisible = 0;
			defaultConfigurationName = Release;
		};
		727AC32A1DA005D4008FA47B /* Build configuration list for PBXNativeTarget "ZombieConga" */ = {
			isa = XCConfigurationList;
			buildConfigurations = (
				727AC32B1DA005D4008FA47B /* Debug */,
				727AC32C1DA005D4008FA47B /* Release */,
			);
			defaultConfigurationIsVisible = 0;
			defaultConfigurationName = Release;
		};
/* End XCConfigurationList section */
	};
	rootObject = 727AC30A1DA005D3008FA47B /* Project object */;
}
